// !$*UTF8*$!
{
	archiveVersion = 1;
	classes = {
	};
	objectVersion = 46;
	objects = {

/* Begin PBXBuildFile section */
		AB1CB1E21C83EF7100FD7C1F /* PresentationManager.swift in Sources */ = {isa = PBXBuildFile; fileRef = AB1CB1E11C83EF7100FD7C1F /* PresentationManager.swift */; };
		AB3709AE1C81C05100CE21A4 /* Home.storyboard in Resources */ = {isa = PBXBuildFile; fileRef = AB3709AC1C81C05100CE21A4 /* Home.storyboard */; };
		AB3709B11C81C07900CE21A4 /* Message.storyboard in Resources */ = {isa = PBXBuildFile; fileRef = AB3709AF1C81C07900CE21A4 /* Message.storyboard */; };
		AB3709B41C81C0AB00CE21A4 /* Discover.storyboard in Resources */ = {isa = PBXBuildFile; fileRef = AB3709B21C81C0AB00CE21A4 /* Discover.storyboard */; };
		AB3709B71C81C0DC00CE21A4 /* Profile.storyboard in Resources */ = {isa = PBXBuildFile; fileRef = AB3709B51C81C0DC00CE21A4 /* Profile.storyboard */; };
		AB3709B91C81CD4600CE21A4 /* UIButton+Extension.swift in Sources */ = {isa = PBXBuildFile; fileRef = AB3709B81C81CD4600CE21A4 /* UIButton+Extension.swift */; };
		AB3709C01C81E45900CE21A4 /* BaseViewController.swift in Sources */ = {isa = PBXBuildFile; fileRef = AB3709BF1C81E45900CE21A4 /* BaseViewController.swift */; };
		AB3709C21C81E49A00CE21A4 /* VisitorView.swift in Sources */ = {isa = PBXBuildFile; fileRef = AB3709C11C81E49A00CE21A4 /* VisitorView.swift */; };
		AB3709C41C81E4A900CE21A4 /* VisitorView.xib in Resources */ = {isa = PBXBuildFile; fileRef = AB3709C31C81E4A900CE21A4 /* VisitorView.xib */; };
		AB3709C61C81E97500CE21A4 /* MainTabBarController.swift in Sources */ = {isa = PBXBuildFile; fileRef = AB3709C51C81E97500CE21A4 /* MainTabBarController.swift */; };
		ABADB52E1C813D9500BA8907 /* AppDelegate.swift in Sources */ = {isa = PBXBuildFile; fileRef = ABADB52D1C813D9500BA8907 /* AppDelegate.swift */; };
		ABADB5331C813D9500BA8907 /* Main.storyboard in Resources */ = {isa = PBXBuildFile; fileRef = ABADB5311C813D9500BA8907 /* Main.storyboard */; };
		ABADB5351C813D9500BA8907 /* Assets.xcassets in Resources */ = {isa = PBXBuildFile; fileRef = ABADB5341C813D9500BA8907 /* Assets.xcassets */; };
		ABADB5381C813D9500BA8907 /* LaunchScreen.storyboard in Resources */ = {isa = PBXBuildFile; fileRef = ABADB5361C813D9500BA8907 /* LaunchScreen.storyboard */; };
		ABADB5431C813D9500BA8907 /* SmallBlogTests.swift in Sources */ = {isa = PBXBuildFile; fileRef = ABADB5421C813D9500BA8907 /* SmallBlogTests.swift */; };
		ABADB54E1C813D9500BA8907 /* SmallBlogUITests.swift in Sources */ = {isa = PBXBuildFile; fileRef = ABADB54D1C813D9500BA8907 /* SmallBlogUITests.swift */; };
		ABADB5DA1C81B75500BA8907 /* MainNavigationController.swift in Sources */ = {isa = PBXBuildFile; fileRef = ABADB5D91C81B75500BA8907 /* MainNavigationController.swift */; };
		ABADB5DC1C81B78400BA8907 /* HomeViewController.swift in Sources */ = {isa = PBXBuildFile; fileRef = ABADB5DB1C81B78400BA8907 /* HomeViewController.swift */; };
		ABADB5DE1C81B79A00BA8907 /* DiscoverViewController.swift in Sources */ = {isa = PBXBuildFile; fileRef = ABADB5DD1C81B79A00BA8907 /* DiscoverViewController.swift */; };
		ABADB5E21C81B7CA00BA8907 /* MessageViewController.swift in Sources */ = {isa = PBXBuildFile; fileRef = ABADB5E11C81B7CA00BA8907 /* MessageViewController.swift */; };
		ABADB5E41C81B7EC00BA8907 /* ProfileViewController.swift in Sources */ = {isa = PBXBuildFile; fileRef = ABADB5E31C81B7EC00BA8907 /* ProfileViewController.swift */; };
		ABB9A3A81C832D430008825E /* UIBarButtonItem+Extension.swift in Sources */ = {isa = PBXBuildFile; fileRef = ABB9A3A71C832D430008825E /* UIBarButtonItem+Extension.swift */; };
		ABB9A3AA1C83397C0008825E /* TitleButton.swift in Sources */ = {isa = PBXBuildFile; fileRef = ABB9A3A91C83397C0008825E /* TitleButton.swift */; };
		ABB9A3AE1C833B0A0008825E /* PopoverView.swift in Sources */ = {isa = PBXBuildFile; fileRef = ABB9A3AC1C833B0A0008825E /* PopoverView.swift */; };
		ABB9A3AF1C833B0A0008825E /* PopoverView.xib in Resources */ = {isa = PBXBuildFile; fileRef = ABB9A3AD1C833B0A0008825E /* PopoverView.xib */; };
		ABB9A3B11C8341A40008825E /* CZPresentationController.swift in Sources */ = {isa = PBXBuildFile; fileRef = ABB9A3B01C8341A40008825E /* CZPresentationController.swift */; };
		EC5DA9AF49B618BACC5A65EF /* Pods.framework in Frameworks */ = {isa = PBXBuildFile; fileRef = A02A10D1CC39DA171EBA517C /* Pods.framework */; };
/* End PBXBuildFile section */

/* Begin PBXContainerItemProxy section */
		ABADB53F1C813D9500BA8907 /* PBXContainerItemProxy */ = {
			isa = PBXContainerItemProxy;
			containerPortal = ABADB5221C813D9500BA8907 /* Project object */;
			proxyType = 1;
			remoteGlobalIDString = ABADB5291C813D9500BA8907;
			remoteInfo = SmallBlog;
		};
		ABADB54A1C813D9500BA8907 /* PBXContainerItemProxy */ = {
			isa = PBXContainerItemProxy;
			containerPortal = ABADB5221C813D9500BA8907 /* Project object */;
			proxyType = 1;
			remoteGlobalIDString = ABADB5291C813D9500BA8907;
			remoteInfo = SmallBlog;
		};
/* End PBXContainerItemProxy section */

/* Begin PBXFileReference section */
		13842E2A85966BBC5821E2BF /* Pods.debug.xcconfig */ = {isa = PBXFileReference; includeInIndex = 1; lastKnownFileType = text.xcconfig; name = Pods.debug.xcconfig; path = "Pods/Target Support Files/Pods/Pods.debug.xcconfig"; sourceTree = "<group>"; };
		7E13F551F0696505C7E31731 /* Pods.release.xcconfig */ = {isa = PBXFileReference; includeInIndex = 1; lastKnownFileType = text.xcconfig; name = Pods.release.xcconfig; path = "Pods/Target Support Files/Pods/Pods.release.xcconfig"; sourceTree = "<group>"; };
		A02A10D1CC39DA171EBA517C /* Pods.framework */ = {isa = PBXFileReference; explicitFileType = wrapper.framework; includeInIndex = 0; path = Pods.framework; sourceTree = BUILT_PRODUCTS_DIR; };
		AB1CB1E11C83EF7100FD7C1F /* PresentationManager.swift */ = {isa = PBXFileReference; fileEncoding = 4; lastKnownFileType = sourcecode.swift; path = PresentationManager.swift; sourceTree = "<group>"; };
		AB3709AD1C81C05100CE21A4 /* Base */ = {isa = PBXFileReference; lastKnownFileType = file.storyboard; name = Base; path = Base.lproj/Home.storyboard; sourceTree = "<group>"; };
		AB3709B01C81C07900CE21A4 /* Base */ = {isa = PBXFileReference; lastKnownFileType = file.storyboard; name = Base; path = Base.lproj/Message.storyboard; sourceTree = "<group>"; };
		AB3709B31C81C0AB00CE21A4 /* Base */ = {isa = PBXFileReference; lastKnownFileType = file.storyboard; name = Base; path = Base.lproj/Discover.storyboard; sourceTree = "<group>"; };
		AB3709B61C81C0DC00CE21A4 /* Base */ = {isa = PBXFileReference; lastKnownFileType = file.storyboard; name = Base; path = Base.lproj/Profile.storyboard; sourceTree = "<group>"; };
		AB3709B81C81CD4600CE21A4 /* UIButton+Extension.swift */ = {isa = PBXFileReference; fileEncoding = 4; lastKnownFileType = sourcecode.swift; path = "UIButton+Extension.swift"; sourceTree = "<group>"; };
		AB3709BF1C81E45900CE21A4 /* BaseViewController.swift */ = {isa = PBXFileReference; fileEncoding = 4; lastKnownFileType = sourcecode.swift; path = BaseViewController.swift; sourceTree = "<group>"; };
		AB3709C11C81E49A00CE21A4 /* VisitorView.swift */ = {isa = PBXFileReference; fileEncoding = 4; lastKnownFileType = sourcecode.swift; path = VisitorView.swift; sourceTree = "<group>"; };
		AB3709C31C81E4A900CE21A4 /* VisitorView.xib */ = {isa = PBXFileReference; fileEncoding = 4; lastKnownFileType = file.xib; path = VisitorView.xib; sourceTree = "<group>"; };
		AB3709C51C81E97500CE21A4 /* MainTabBarController.swift */ = {isa = PBXFileReference; fileEncoding = 4; lastKnownFileType = sourcecode.swift; path = MainTabBarController.swift; sourceTree = "<group>"; };
		ABADB52A1C813D9500BA8907 /* SmallBlog.app */ = {isa = PBXFileReference; explicitFileType = wrapper.application; includeInIndex = 0; path = SmallBlog.app; sourceTree = BUILT_PRODUCTS_DIR; };
		ABADB52D1C813D9500BA8907 /* AppDelegate.swift */ = {isa = PBXFileReference; lastKnownFileType = sourcecode.swift; path = AppDelegate.swift; sourceTree = "<group>"; };
		ABADB5321C813D9500BA8907 /* Base */ = {isa = PBXFileReference; lastKnownFileType = file.storyboard; name = Base; path = Base.lproj/Main.storyboard; sourceTree = "<group>"; };
		ABADB5341C813D9500BA8907 /* Assets.xcassets */ = {isa = PBXFileReference; lastKnownFileType = folder.assetcatalog; path = Assets.xcassets; sourceTree = "<group>"; };
		ABADB5371C813D9500BA8907 /* Base */ = {isa = PBXFileReference; lastKnownFileType = file.storyboard; name = Base; path = Base.lproj/LaunchScreen.storyboard; sourceTree = "<group>"; };
		ABADB5391C813D9500BA8907 /* Info.plist */ = {isa = PBXFileReference; lastKnownFileType = text.plist.xml; path = Info.plist; sourceTree = "<group>"; };
		ABADB53E1C813D9500BA8907 /* SmallBlogTests.xctest */ = {isa = PBXFileReference; explicitFileType = wrapper.cfbundle; includeInIndex = 0; path = SmallBlogTests.xctest; sourceTree = BUILT_PRODUCTS_DIR; };
		ABADB5421C813D9500BA8907 /* SmallBlogTests.swift */ = {isa = PBXFileReference; lastKnownFileType = sourcecode.swift; path = SmallBlogTests.swift; sourceTree = "<group>"; };
		ABADB5441C813D9500BA8907 /* Info.plist */ = {isa = PBXFileReference; lastKnownFileType = text.plist.xml; path = Info.plist; sourceTree = "<group>"; };
		ABADB5491C813D9500BA8907 /* SmallBlogUITests.xctest */ = {isa = PBXFileReference; explicitFileType = wrapper.cfbundle; includeInIndex = 0; path = SmallBlogUITests.xctest; sourceTree = BUILT_PRODUCTS_DIR; };
		ABADB54D1C813D9500BA8907 /* SmallBlogUITests.swift */ = {isa = PBXFileReference; lastKnownFileType = sourcecode.swift; path = SmallBlogUITests.swift; sourceTree = "<group>"; };
		ABADB54F1C813D9500BA8907 /* Info.plist */ = {isa = PBXFileReference; lastKnownFileType = text.plist.xml; path = Info.plist; sourceTree = "<group>"; };
		ABADB5D91C81B75500BA8907 /* MainNavigationController.swift */ = {isa = PBXFileReference; fileEncoding = 4; lastKnownFileType = sourcecode.swift; path = MainNavigationController.swift; sourceTree = "<group>"; };
		ABADB5DB1C81B78400BA8907 /* HomeViewController.swift */ = {isa = PBXFileReference; fileEncoding = 4; lastKnownFileType = sourcecode.swift; path = HomeViewController.swift; sourceTree = "<group>"; };
		ABADB5DD1C81B79A00BA8907 /* DiscoverViewController.swift */ = {isa = PBXFileReference; fileEncoding = 4; lastKnownFileType = sourcecode.swift; path = DiscoverViewController.swift; sourceTree = "<group>"; };
		ABADB5E11C81B7CA00BA8907 /* MessageViewController.swift */ = {isa = PBXFileReference; fileEncoding = 4; lastKnownFileType = sourcecode.swift; path = MessageViewController.swift; sourceTree = "<group>"; };
		ABADB5E31C81B7EC00BA8907 /* ProfileViewController.swift */ = {isa = PBXFileReference; fileEncoding = 4; lastKnownFileType = sourcecode.swift; path = ProfileViewController.swift; sourceTree = "<group>"; };
		ABB9A3A71C832D430008825E /* UIBarButtonItem+Extension.swift */ = {isa = PBXFileReference; fileEncoding = 4; lastKnownFileType = sourcecode.swift; path = "UIBarButtonItem+Extension.swift"; sourceTree = "<group>"; };
		ABB9A3A91C83397C0008825E /* TitleButton.swift */ = {isa = PBXFileReference; fileEncoding = 4; lastKnownFileType = sourcecode.swift; path = TitleButton.swift; sourceTree = "<group>"; };
		ABB9A3AC1C833B0A0008825E /* PopoverView.swift */ = {isa = PBXFileReference; fileEncoding = 4; lastKnownFileType = sourcecode.swift; path = PopoverView.swift; sourceTree = "<group>"; };
		ABB9A3AD1C833B0A0008825E /* PopoverView.xib */ = {isa = PBXFileReference; fileEncoding = 4; lastKnownFileType = file.xib; path = PopoverView.xib; sourceTree = "<group>"; };
		ABB9A3B01C8341A40008825E /* CZPresentationController.swift */ = {isa = PBXFileReference; fileEncoding = 4; lastKnownFileType = sourcecode.swift; path = CZPresentationController.swift; sourceTree = "<group>"; };
/* End PBXFileReference section */

/* Begin PBXFrameworksBuildPhase section */
		ABADB5271C813D9500BA8907 /* Frameworks */ = {
			isa = PBXFrameworksBuildPhase;
			buildActionMask = 2147483647;
			files = (
				EC5DA9AF49B618BACC5A65EF /* Pods.framework in Frameworks */,
			);
			runOnlyForDeploymentPostprocessing = 0;
		};
		ABADB53B1C813D9500BA8907 /* Frameworks */ = {
			isa = PBXFrameworksBuildPhase;
			buildActionMask = 2147483647;
			files = (
			);
			runOnlyForDeploymentPostprocessing = 0;
		};
		ABADB5461C813D9500BA8907 /* Frameworks */ = {
			isa = PBXFrameworksBuildPhase;
			buildActionMask = 2147483647;
			files = (
			);
			runOnlyForDeploymentPostprocessing = 0;
		};
/* End PBXFrameworksBuildPhase section */

/* Begin PBXGroup section */
		2B547121BE10C969EC840FA5 /* Frameworks */ = {
			isa = PBXGroup;
			children = (
				A02A10D1CC39DA171EBA517C /* Pods.framework */,
			);
			name = Frameworks;
			sourceTree = "<group>";
		};
		481A12DAAF4E2F1ACC0A7672 /* Pods */ = {
			isa = PBXGroup;
			children = (
				13842E2A85966BBC5821E2BF /* Pods.debug.xcconfig */,
				7E13F551F0696505C7E31731 /* Pods.release.xcconfig */,
			);
			name = Pods;
			sourceTree = "<group>";
		};
		AB3709BE1C81E45900CE21A4 /* Visitor */ = {
			isa = PBXGroup;
			children = (
				AB3709BF1C81E45900CE21A4 /* BaseViewController.swift */,
				AB3709C11C81E49A00CE21A4 /* VisitorView.swift */,
				AB3709C31C81E4A900CE21A4 /* VisitorView.xib */,
			);
			path = Visitor;
			sourceTree = "<group>";
		};
		ABADB5211C813D9500BA8907 = {
			isa = PBXGroup;
			children = (
				ABADB52C1C813D9500BA8907 /* SmallBlog */,
				ABADB5411C813D9500BA8907 /* SmallBlogTests */,
				ABADB54C1C813D9500BA8907 /* SmallBlogUITests */,
				ABADB52B1C813D9500BA8907 /* Products */,
				481A12DAAF4E2F1ACC0A7672 /* Pods */,
				2B547121BE10C969EC840FA5 /* Frameworks */,
			);
			sourceTree = "<group>";
		};
		ABADB52B1C813D9500BA8907 /* Products */ = {
			isa = PBXGroup;
			children = (
				ABADB52A1C813D9500BA8907 /* SmallBlog.app */,
				ABADB53E1C813D9500BA8907 /* SmallBlogTests.xctest */,
				ABADB5491C813D9500BA8907 /* SmallBlogUITests.xctest */,
			);
			name = Products;
			sourceTree = "<group>";
		};
		ABADB52C1C813D9500BA8907 /* SmallBlog */ = {
			isa = PBXGroup;
			children = (
				ABADB52D1C813D9500BA8907 /* AppDelegate.swift */,
				ABADB5CF1C81790F00BA8907 /* Classes */,
				ABADB5341C813D9500BA8907 /* Assets.xcassets */,
				ABADB5361C813D9500BA8907 /* LaunchScreen.storyboard */,
				ABADB5391C813D9500BA8907 /* Info.plist */,
			);
			path = SmallBlog;
			sourceTree = "<group>";
		};
		ABADB5411C813D9500BA8907 /* SmallBlogTests */ = {
			isa = PBXGroup;
			children = (
				ABADB5421C813D9500BA8907 /* SmallBlogTests.swift */,
				ABADB5441C813D9500BA8907 /* Info.plist */,
			);
			path = SmallBlogTests;
			sourceTree = "<group>";
		};
		ABADB54C1C813D9500BA8907 /* SmallBlogUITests */ = {
			isa = PBXGroup;
			children = (
				ABADB54D1C813D9500BA8907 /* SmallBlogUITests.swift */,
				ABADB54F1C813D9500BA8907 /* Info.plist */,
			);
			path = SmallBlogUITests;
			sourceTree = "<group>";
		};
		ABADB5CF1C81790F00BA8907 /* Classes */ = {
			isa = PBXGroup;
			children = (
				ABADB5D01C81790F00BA8907 /* Compose */,
				ABADB5D11C81790F00BA8907 /* Discover */,
				ABADB5D21C81790F00BA8907 /* Home(主页) */,
				ABADB5D31C81790F00BA8907 /* Main */,
				ABADB5D41C81790F00BA8907 /* Message(消息) */,
				ABADB5D51C81790F00BA8907 /* Others */,
				ABADB5D61C81790F00BA8907 /* Profile(我的) */,
			);
			path = Classes;
			sourceTree = "<group>";
		};
		ABADB5D01C81790F00BA8907 /* Compose */ = {
			isa = PBXGroup;
			children = (
			);
			path = Compose;
			sourceTree = "<group>";
		};
		ABADB5D11C81790F00BA8907 /* Discover */ = {
			isa = PBXGroup;
			children = (
				ABADB5DD1C81B79A00BA8907 /* DiscoverViewController.swift */,
				AB3709B21C81C0AB00CE21A4 /* Discover.storyboard */,
			);
			path = Discover;
			sourceTree = "<group>";
		};
		ABADB5D21C81790F00BA8907 /* Home(主页) */ = {
			isa = PBXGroup;
			children = (
				ABB9A3AB1C833AD00008825E /* PopoverView */,
				ABADB5DB1C81B78400BA8907 /* HomeViewController.swift */,
				AB3709AC1C81C05100CE21A4 /* Home.storyboard */,
				ABB9A3A91C83397C0008825E /* TitleButton.swift */,
			);
			path = "Home(主页)";
			sourceTree = "<group>";
		};
		ABADB5D31C81790F00BA8907 /* Main */ = {
			isa = PBXGroup;
			children = (
				AB3709BE1C81E45900CE21A4 /* Visitor */,
				ABADB5D91C81B75500BA8907 /* MainNavigationController.swift */,
				ABADB5311C813D9500BA8907 /* Main.storyboard */,
				AB3709C51C81E97500CE21A4 /* MainTabBarController.swift */,
			);
			path = Main;
			sourceTree = "<group>";
		};
		ABADB5D41C81790F00BA8907 /* Message(消息) */ = {
			isa = PBXGroup;
			children = (
				ABADB5E11C81B7CA00BA8907 /* MessageViewController.swift */,
				AB3709AF1C81C07900CE21A4 /* Message.storyboard */,
			);
			path = "Message(消息)";
			sourceTree = "<group>";
		};
		ABADB5D51C81790F00BA8907 /* Others */ = {
			isa = PBXGroup;
			children = (
				AB3709B81C81CD4600CE21A4 /* UIButton+Extension.swift */,
				ABB9A3A71C832D430008825E /* UIBarButtonItem+Extension.swift */,
			);
			path = Others;
			sourceTree = "<group>";
		};
		ABADB5D61C81790F00BA8907 /* Profile(我的) */ = {
			isa = PBXGroup;
			children = (
				ABADB5E31C81B7EC00BA8907 /* ProfileViewController.swift */,
				AB3709B51C81C0DC00CE21A4 /* Profile.storyboard */,
			);
			path = "Profile(我的)";
			sourceTree = "<group>";
		};
		ABB9A3AB1C833AD00008825E /* PopoverView */ = {
			isa = PBXGroup;
			children = (
				ABB9A3AC1C833B0A0008825E /* PopoverView.swift */,
				ABB9A3AD1C833B0A0008825E /* PopoverView.xib */,
				ABB9A3B01C8341A40008825E /* CZPresentationController.swift */,
				AB1CB1E11C83EF7100FD7C1F /* PresentationManager.swift */,
			);
			path = PopoverView;
			sourceTree = "<group>";
		};
/* End PBXGroup section */

/* Begin PBXNativeTarget section */
		ABADB5291C813D9500BA8907 /* SmallBlog */ = {
			isa = PBXNativeTarget;
			buildConfigurationList = ABADB5521C813D9500BA8907 /* Build configuration list for PBXNativeTarget "SmallBlog" */;
			buildPhases = (
				1018646F2A5CAB015798408E /* Check Pods Manifest.lock */,
				ABADB5261C813D9500BA8907 /* Sources */,
				ABADB5271C813D9500BA8907 /* Frameworks */,
				ABADB5281C813D9500BA8907 /* Resources */,
				37040ED54EA2FA392A780F83 /* Embed Pods Frameworks */,
				B7588ED27CB17F677A16E89B /* Copy Pods Resources */,
			);
			buildRules = (
			);
			dependencies = (
			);
			name = SmallBlog;
			productName = SmallBlog;
			productReference = ABADB52A1C813D9500BA8907 /* SmallBlog.app */;
			productType = "com.apple.product-type.application";
		};
		ABADB53D1C813D9500BA8907 /* SmallBlogTests */ = {
			isa = PBXNativeTarget;
			buildConfigurationList = ABADB5551C813D9500BA8907 /* Build configuration list for PBXNativeTarget "SmallBlogTests" */;
			buildPhases = (
				ABADB53A1C813D9500BA8907 /* Sources */,
				ABADB53B1C813D9500BA8907 /* Frameworks */,
				ABADB53C1C813D9500BA8907 /* Resources */,
			);
			buildRules = (
			);
			dependencies = (
				ABADB5401C813D9500BA8907 /* PBXTargetDependency */,
			);
			name = SmallBlogTests;
			productName = SmallBlogTests;
			productReference = ABADB53E1C813D9500BA8907 /* SmallBlogTests.xctest */;
			productType = "com.apple.product-type.bundle.unit-test";
		};
		ABADB5481C813D9500BA8907 /* SmallBlogUITests */ = {
			isa = PBXNativeTarget;
			buildConfigurationList = ABADB5581C813D9500BA8907 /* Build configuration list for PBXNativeTarget "SmallBlogUITests" */;
			buildPhases = (
				ABADB5451C813D9500BA8907 /* Sources */,
				ABADB5461C813D9500BA8907 /* Frameworks */,
				ABADB5471C813D9500BA8907 /* Resources */,
			);
			buildRules = (
			);
			dependencies = (
				ABADB54B1C813D9500BA8907 /* PBXTargetDependency */,
			);
			name = SmallBlogUITests;
			productName = SmallBlogUITests;
			productReference = ABADB5491C813D9500BA8907 /* SmallBlogUITests.xctest */;
			productType = "com.apple.product-type.bundle.ui-testing";
		};
/* End PBXNativeTarget section */

/* Begin PBXProject section */
		ABADB5221C813D9500BA8907 /* Project object */ = {
			isa = PBXProject;
			attributes = {
				LastSwiftUpdateCheck = 0720;
				LastUpgradeCheck = 0720;
				ORGANIZATIONNAME = czljcb;
				TargetAttributes = {
					ABADB5291C813D9500BA8907 = {
						CreatedOnToolsVersion = 7.2;
						DevelopmentTeam = R572233UJT;
					};
					ABADB53D1C813D9500BA8907 = {
						CreatedOnToolsVersion = 7.2;
						DevelopmentTeam = R572233UJT;
						TestTargetID = ABADB5291C813D9500BA8907;
					};
					ABADB5481C813D9500BA8907 = {
						CreatedOnToolsVersion = 7.2;
						DevelopmentTeam = R572233UJT;
						TestTargetID = ABADB5291C813D9500BA8907;
					};
				};
			};
			buildConfigurationList = ABADB5251C813D9500BA8907 /* Build configuration list for PBXProject "SmallBlog" */;
			compatibilityVersion = "Xcode 3.2";
			developmentRegion = English;
			hasScannedForEncodings = 0;
			knownRegions = (
				en,
				Base,
			);
			mainGroup = ABADB5211C813D9500BA8907;
			productRefGroup = ABADB52B1C813D9500BA8907 /* Products */;
			projectDirPath = "";
			projectRoot = "";
			targets = (
				ABADB5291C813D9500BA8907 /* SmallBlog */,
				ABADB53D1C813D9500BA8907 /* SmallBlogTests */,
				ABADB5481C813D9500BA8907 /* SmallBlogUITests */,
			);
		};
/* End PBXProject section */

/* Begin PBXResourcesBuildPhase section */
		ABADB5281C813D9500BA8907 /* Resources */ = {
			isa = PBXResourcesBuildPhase;
			buildActionMask = 2147483647;
			files = (
				ABADB5381C813D9500BA8907 /* LaunchScreen.storyboard in Resources */,
				ABADB5351C813D9500BA8907 /* Assets.xcassets in Resources */,
				AB3709B11C81C07900CE21A4 /* Message.storyboard in Resources */,
				AB3709C41C81E4A900CE21A4 /* VisitorView.xib in Resources */,
				ABADB5331C813D9500BA8907 /* Main.storyboard in Resources */,
				ABB9A3AF1C833B0A0008825E /* PopoverView.xib in Resources */,
				AB3709AE1C81C05100CE21A4 /* Home.storyboard in Resources */,
				AB3709B71C81C0DC00CE21A4 /* Profile.storyboard in Resources */,
				AB3709B41C81C0AB00CE21A4 /* Discover.storyboard in Resources */,
			);
			runOnlyForDeploymentPostprocessing = 0;
		};
		ABADB53C1C813D9500BA8907 /* Resources */ = {
			isa = PBXResourcesBuildPhase;
			buildActionMask = 2147483647;
			files = (
			);
			runOnlyForDeploymentPostprocessing = 0;
		};
		ABADB5471C813D9500BA8907 /* Resources */ = {
			isa = PBXResourcesBuildPhase;
			buildActionMask = 2147483647;
			files = (
			);
			runOnlyForDeploymentPostprocessing = 0;
		};
/* End PBXResourcesBuildPhase section */

/* Begin PBXShellScriptBuildPhase section */
		1018646F2A5CAB015798408E /* Check Pods Manifest.lock */ = {
			isa = PBXShellScriptBuildPhase;
			buildActionMask = 2147483647;
			files = (
			);
			inputPaths = (
			);
			name = "Check Pods Manifest.lock";
			outputPaths = (
			);
			runOnlyForDeploymentPostprocessing = 0;
			shellPath = /bin/sh;
			shellScript = "diff \"${PODS_ROOT}/../Podfile.lock\" \"${PODS_ROOT}/Manifest.lock\" > /dev/null\nif [[ $? != 0 ]] ; then\n    cat << EOM\nerror: The sandbox is not in sync with the Podfile.lock. Run 'pod install' or update your CocoaPods installation.\nEOM\n    exit 1\nfi\n";
			showEnvVarsInLog = 0;
		};
		37040ED54EA2FA392A780F83 /* Embed Pods Frameworks */ = {
			isa = PBXShellScriptBuildPhase;
			buildActionMask = 2147483647;
			files = (
			);
			inputPaths = (
			);
			name = "Embed Pods Frameworks";
			outputPaths = (
			);
			runOnlyForDeploymentPostprocessing = 0;
			shellPath = /bin/sh;
			shellScript = "\"${SRCROOT}/Pods/Target Support Files/Pods/Pods-frameworks.sh\"\n";
			showEnvVarsInLog = 0;
		};
		B7588ED27CB17F677A16E89B /* Copy Pods Resources */ = {
			isa = PBXShellScriptBuildPhase;
			buildActionMask = 2147483647;
			files = (
			);
			inputPaths = (
			);
			name = "Copy Pods Resources";
			outputPaths = (
			);
			runOnlyForDeploymentPostprocessing = 0;
			shellPath = /bin/sh;
			shellScript = "\"${SRCROOT}/Pods/Target Support Files/Pods/Pods-resources.sh\"\n";
			showEnvVarsInLog = 0;
		};
/* End PBXShellScriptBuildPhase section */

/* Begin PBXSourcesBuildPhase section */
		ABADB5261C813D9500BA8907 /* Sources */ = {
			isa = PBXSourcesBuildPhase;
			buildActionMask = 2147483647;
			files = (
				AB3709C21C81E49A00CE21A4 /* VisitorView.swift in Sources */,
				ABADB5DA1C81B75500BA8907 /* MainNavigationController.swift in Sources */,
				AB3709C61C81E97500CE21A4 /* MainTabBarController.swift in Sources */,
				ABADB52E1C813D9500BA8907 /* AppDelegate.swift in Sources */,
				ABADB5DC1C81B78400BA8907 /* HomeViewController.swift in Sources */,
				ABB9A3A81C832D430008825E /* UIBarButtonItem+Extension.swift in Sources */,
				AB3709C01C81E45900CE21A4 /* BaseViewController.swift in Sources */,
				ABADB5E41C81B7EC00BA8907 /* ProfileViewController.swift in Sources */,
				ABADB5DE1C81B79A00BA8907 /* DiscoverViewController.swift in Sources */,
				ABADB5E21C81B7CA00BA8907 /* MessageViewController.swift in Sources */,
				ABB9A3AA1C83397C0008825E /* TitleButton.swift in Sources */,
				AB3709B91C81CD4600CE21A4 /* UIButton+Extension.swift in Sources */,
				ABB9A3B11C8341A40008825E /* CZPresentationController.swift in Sources */,
				AB1CB1E21C83EF7100FD7C1F /* PresentationManager.swift in Sources */,
				ABB9A3AE1C833B0A0008825E /* PopoverView.swift in Sources */,
			);
			runOnlyForDeploymentPostprocessing = 0;
		};
		ABADB53A1C813D9500BA8907 /* Sources */ = {
			isa = PBXSourcesBuildPhase;
			buildActionMask = 2147483647;
			files = (
				ABADB5431C813D9500BA8907 /* SmallBlogTests.swift in Sources */,
			);
			runOnlyForDeploymentPostprocessing = 0;
		};
		ABADB5451C813D9500BA8907 /* Sources */ = {
			isa = PBXSourcesBuildPhase;
			buildActionMask = 2147483647;
			files = (
				ABADB54E1C813D9500BA8907 /* SmallBlogUITests.swift in Sources */,
			);
			runOnlyForDeploymentPostprocessing = 0;
		};
/* End PBXSourcesBuildPhase section */

/* Begin PBXTargetDependency section */
		ABADB5401C813D9500BA8907 /* PBXTargetDependency */ = {
			isa = PBXTargetDependency;
			target = ABADB5291C813D9500BA8907 /* SmallBlog */;
			targetProxy = ABADB53F1C813D9500BA8907 /* PBXContainerItemProxy */;
		};
		ABADB54B1C813D9500BA8907 /* PBXTargetDependency */ = {
			isa = PBXTargetDependency;
			target = ABADB5291C813D9500BA8907 /* SmallBlog */;
			targetProxy = ABADB54A1C813D9500BA8907 /* PBXContainerItemProxy */;
		};
/* End PBXTargetDependency section */

/* Begin PBXVariantGroup section */
		AB3709AC1C81C05100CE21A4 /* Home.storyboard */ = {
			isa = PBXVariantGroup;
			children = (
				AB3709AD1C81C05100CE21A4 /* Base */,
			);
			name = Home.storyboard;
			path = ../..;
			sourceTree = "<group>";
		};
		AB3709AF1C81C07900CE21A4 /* Message.storyboard */ = {
			isa = PBXVariantGroup;
			children = (
				AB3709B01C81C07900CE21A4 /* Base */,
			);
			name = Message.storyboard;
			path = ../..;
			sourceTree = "<group>";
		};
		AB3709B21C81C0AB00CE21A4 /* Discover.storyboard */ = {
			isa = PBXVariantGroup;
			children = (
				AB3709B31C81C0AB00CE21A4 /* Base */,
			);
			name = Discover.storyboard;
			path = ../..;
			sourceTree = "<group>";
		};
		AB3709B51C81C0DC00CE21A4 /* Profile.storyboard */ = {
			isa = PBXVariantGroup;
			children = (
				AB3709B61C81C0DC00CE21A4 /* Base */,
			);
			name = Profile.storyboard;
			path = ../..;
			sourceTree = "<group>";
		};
		ABADB5311C813D9500BA8907 /* Main.storyboard */ = {
			isa = PBXVariantGroup;
			children = (
				ABADB5321C813D9500BA8907 /* Base */,
			);
			name = Main.storyboard;
			path = ../..;
			sourceTree = "<group>";
		};
		ABADB5361C813D9500BA8907 /* LaunchScreen.storyboard */ = {
			isa = PBXVariantGroup;
			children = (
				ABADB5371C813D9500BA8907 /* Base */,
			);
			name = LaunchScreen.storyboard;
			sourceTree = "<group>";
		};
/* End PBXVariantGroup section */

/* Begin XCBuildConfiguration section */
		ABADB5501C813D9500BA8907 /* Debug */ = {
			isa = XCBuildConfiguration;
			buildSettings = {
				ALWAYS_SEARCH_USER_PATHS = NO;
				CLANG_CXX_LANGUAGE_STANDARD = "gnu++0x";
				CLANG_CXX_LIBRARY = "libc++";
				CLANG_ENABLE_MODULES = YES;
				CLANG_ENABLE_OBJC_ARC = YES;
				CLANG_WARN_BOOL_CONVERSION = YES;
				CLANG_WARN_CONSTANT_CONVERSION = YES;
				CLANG_WARN_DIRECT_OBJC_ISA_USAGE = YES_ERROR;
				CLANG_WARN_EMPTY_BODY = YES;
				CLANG_WARN_ENUM_CONVERSION = YES;
				CLANG_WARN_INT_CONVERSION = YES;
				CLANG_WARN_OBJC_ROOT_CLASS = YES_ERROR;
				CLANG_WARN_UNREACHABLE_CODE = YES;
				CLANG_WARN__DUPLICATE_METHOD_MATCH = YES;
				"CODE_SIGN_IDENTITY[sdk=iphoneos*]" = "iPhone Developer";
				COPY_PHASE_STRIP = NO;
				DEBUG_INFORMATION_FORMAT = dwarf;
				ENABLE_STRICT_OBJC_MSGSEND = YES;
				ENABLE_TESTABILITY = YES;
				GCC_C_LANGUAGE_STANDARD = gnu99;
				GCC_DYNAMIC_NO_PIC = NO;
				GCC_NO_COMMON_BLOCKS = YES;
				GCC_OPTIMIZATION_LEVEL = 0;
				GCC_PREPROCESSOR_DEFINITIONS = (
					"DEBUG=1",
					"$(inherited)",
				);
				GCC_WARN_64_TO_32_BIT_CONVERSION = YES;
				GCC_WARN_ABOUT_RETURN_TYPE = YES_ERROR;
				GCC_WARN_UNDECLARED_SELECTOR = YES;
				GCC_WARN_UNINITIALIZED_AUTOS = YES_AGGRESSIVE;
				GCC_WARN_UNUSED_FUNCTION = YES;
				GCC_WARN_UNUSED_VARIABLE = YES;
				IPHONEOS_DEPLOYMENT_TARGET = 9.2;
				MTL_ENABLE_DEBUG_INFO = YES;
				ONLY_ACTIVE_ARCH = YES;
				SDKROOT = iphoneos;
				SWIFT_OPTIMIZATION_LEVEL = "-Onone";
			};
			name = Debug;
		};
		ABADB5511C813D9500BA8907 /* Release */ = {
			isa = XCBuildConfiguration;
			buildSettings = {
				ALWAYS_SEARCH_USER_PATHS = NO;
				CLANG_CXX_LANGUAGE_STANDARD = "gnu++0x";
				CLANG_CXX_LIBRARY = "libc++";
				CLANG_ENABLE_MODULES = YES;
				CLANG_ENABLE_OBJC_ARC = YES;
				CLANG_WARN_BOOL_CONVERSION = YES;
				CLANG_WARN_CONSTANT_CONVERSION = YES;
				CLANG_WARN_DIRECT_OBJC_ISA_USAGE = YES_ERROR;
				CLANG_WARN_EMPTY_BODY = YES;
				CLANG_WARN_ENUM_CONVERSION = YES;
				CLANG_WARN_INT_CONVERSION = YES;
				CLANG_WARN_OBJC_ROOT_CLASS = YES_ERROR;
				CLANG_WARN_UNREACHABLE_CODE = YES;
				CLANG_WARN__DUPLICATE_METHOD_MATCH = YES;
				"CODE_SIGN_IDENTITY[sdk=iphoneos*]" = "iPhone Developer";
				COPY_PHASE_STRIP = NO;
				DEBUG_INFORMATION_FORMAT = "dwarf-with-dsym";
				ENABLE_NS_ASSERTIONS = NO;
				ENABLE_STRICT_OBJC_MSGSEND = YES;
				GCC_C_LANGUAGE_STANDARD = gnu99;
				GCC_NO_COMMON_BLOCKS = YES;
				GCC_WARN_64_TO_32_BIT_CONVERSION = YES;
				GCC_WARN_ABOUT_RETURN_TYPE = YES_ERROR;
				GCC_WARN_UNDECLARED_SELECTOR = YES;
				GCC_WARN_UNINITIALIZED_AUTOS = YES_AGGRESSIVE;
				GCC_WARN_UNUSED_FUNCTION = YES;
				GCC_WARN_UNUSED_VARIABLE = YES;
				IPHONEOS_DEPLOYMENT_TARGET = 9.2;
				MTL_ENABLE_DEBUG_INFO = NO;
				SDKROOT = iphoneos;
				VALIDATE_PRODUCT = YES;
			};
			name = Release;
		};
		ABADB5531C813D9500BA8907 /* Debug */ = {
			isa = XCBuildConfiguration;
			baseConfigurationReference = 13842E2A85966BBC5821E2BF /* Pods.debug.xcconfig */;
			buildSettings = {
				ASSETCATALOG_COMPILER_APPICON_NAME = AppIcon;
				ASSETCATALOG_COMPILER_LAUNCHIMAGE_NAME = "Brand Assets";
				INFOPLIST_FILE = SmallBlog/Info.plist;
				IPHONEOS_DEPLOYMENT_TARGET = 9.0;
				LD_RUNPATH_SEARCH_PATHS = "$(inherited) @executable_path/Frameworks";
				PRODUCT_BUNDLE_IDENTIFIER = CZ.SmallBlog;
				PRODUCT_NAME = "$(TARGET_NAME)";
			};
			name = Debug;
		};
		ABADB5541C813D9500BA8907 /* Release */ = {
			isa = XCBuildConfiguration;
			baseConfigurationReference = 7E13F551F0696505C7E31731 /* Pods.release.xcconfig */;
			buildSettings = {
				ASSETCATALOG_COMPILER_APPICON_NAME = AppIcon;
				ASSETCATALOG_COMPILER_LAUNCHIMAGE_NAME = "Brand Assets";
				INFOPLIST_FILE = SmallBlog/Info.plist;
				IPHONEOS_DEPLOYMENT_TARGET = 9.0;
				LD_RUNPATH_SEARCH_PATHS = "$(inherited) @executable_path/Frameworks";
				PRODUCT_BUNDLE_IDENTIFIER = CZ.SmallBlog;
				PRODUCT_NAME = "$(TARGET_NAME)";
			};
			name = Release;
		};
		ABADB5561C813D9500BA8907 /* Debug */ = {
			isa = XCBuildConfiguration;
			buildSettings = {
				BUNDLE_LOADER = "$(TEST_HOST)";
				INFOPLIST_FILE = SmallBlogTests/Info.plist;
				LD_RUNPATH_SEARCH_PATHS = "$(inherited) @executable_path/Frameworks @loader_path/Frameworks";
				PRODUCT_BUNDLE_IDENTIFIER = CZ.SmallBlogTests;
				PRODUCT_NAME = "$(TARGET_NAME)";
				TEST_HOST = "$(BUILT_PRODUCTS_DIR)/SmallBlog.app/SmallBlog";
			};
			name = Debug;
		};
		ABADB5571C813D9500BA8907 /* Release */ = {
			isa = XCBuildConfiguration;
			buildSettings = {
				BUNDLE_LOADER = "$(TEST_HOST)";
				INFOPLIST_FILE = SmallBlogTests/Info.plist;
				LD_RUNPATH_SEARCH_PATHS = "$(inherited) @executable_path/Frameworks @loader_path/Frameworks";
				PRODUCT_BUNDLE_IDENTIFIER = CZ.SmallBlogTests;
				PRODUCT_NAME = "$(TARGET_NAME)";
				TEST_HOST = "$(BUILT_PRODUCTS_DIR)/SmallBlog.app/SmallBlog";
			};
			name = Release;
		};
		ABADB5591C813D9500BA8907 /* Debug */ = {
			isa = XCBuildConfiguration;
			buildSettings = {
				INFOPLIST_FILE = SmallBlogUITests/Info.plist;
				LD_RUNPATH_SEARCH_PATHS = "$(inherited) @executable_path/Frameworks @loader_path/Frameworks";
				PRODUCT_BUNDLE_IDENTIFIER = CZ.SmallBlogUITests;
				PRODUCT_NAME = "$(TARGET_NAME)";
				TEST_TARGET_NAME = SmallBlog;
				USES_XCTRUNNER = YES;
			};
			name = Debug;
		};
		ABADB55A1C813D9500BA8907 /* Release */ = {
			isa = XCBuildConfiguration;
			buildSettings = {
				INFOPLIST_FILE = SmallBlogUITests/Info.plist;
				LD_RUNPATH_SEARCH_PATHS = "$(inherited) @executable_path/Frameworks @loader_path/Frameworks";
				PRODUCT_BUNDLE_IDENTIFIER = CZ.SmallBlogUITests;
				PRODUCT_NAME = "$(TARGET_NAME)";
				TEST_TARGET_NAME = SmallBlog;
				USES_XCTRUNNER = YES;
			};
			name = Release;
		};
/* End XCBuildConfiguration section */

/* Begin XCConfigurationList section */
		ABADB5251C813D9500BA8907 /* Build configuration list for PBXProject "SmallBlog" */ = {
			isa = XCConfigurationList;
			buildConfigurations = (
				ABADB5501C813D9500BA8907 /* Debug */,
				ABADB5511C813D9500BA8907 /* Release */,
			);
			defaultConfigurationIsVisible = 0;
			defaultConfigurationName = Release;
		};
		ABADB5521C813D9500BA8907 /* Build configuration list for PBXNativeTarget "SmallBlog" */ = {
			isa = XCConfigurationList;
			buildConfigurations = (
				ABADB5531C813D9500BA8907 /* Debug */,
				ABADB5541C813D9500BA8907 /* Release */,
			);
			defaultConfigurationIsVisible = 0;
			defaultConfigurationName = Release;
		};
		ABADB5551C813D9500BA8907 /* Build configuration list for PBXNativeTarget "SmallBlogTests" */ = {
			isa = XCConfigurationList;
			buildConfigurations = (
				ABADB5561C813D9500BA8907 /* Debug */,
				ABADB5571C813D9500BA8907 /* Release */,
			);
			defaultConfigurationIsVisible = 0;
			defaultConfigurationName = Release;
		};
		ABADB5581C813D9500BA8907 /* Build configuration list for PBXNativeTarget "SmallBlogUITests" */ = {
			isa = XCConfigurationList;
			buildConfigurations = (
				ABADB5591C813D9500BA8907 /* Debug */,
				ABADB55A1C813D9500BA8907 /* Release */,
			);
			defaultConfigurationIsVisible = 0;
			defaultConfigurationName = Release;
		};
/* End XCConfigurationList section */
	};
	rootObject = ABADB5221C813D9500BA8907 /* Project object */;
}
