// !$*UTF8*$!
{
	archiveVersion = 1;
	classes = {
	};
	objectVersion = 46;
	objects = {

/* Begin PBXBuildFile section */
		ABADB52E1C813D9500BA8907 /* AppDelegate.swift in Sources */ = {isa = PBXBuildFile; fileRef = ABADB52D1C813D9500BA8907 /* AppDelegate.swift */; };
		ABADB5301C813D9500BA8907 /* ViewController.swift in Sources */ = {isa = PBXBuildFile; fileRef = ABADB52F1C813D9500BA8907 /* ViewController.swift */; };
		ABADB5331C813D9500BA8907 /* Main.storyboard in Resources */ = {isa = PBXBuildFile; fileRef = ABADB5311C813D9500BA8907 /* Main.storyboard */; };
		ABADB5351C813D9500BA8907 /* Assets.xcassets in Resources */ = {isa = PBXBuildFile; fileRef = ABADB5341C813D9500BA8907 /* Assets.xcassets */; };
		ABADB5381C813D9500BA8907 /* LaunchScreen.storyboard in Resources */ = {isa = PBXBuildFile; fileRef = ABADB5361C813D9500BA8907 /* LaunchScreen.storyboard */; };
		ABADB5431C813D9500BA8907 /* SmallBlogTests.swift in Sources */ = {isa = PBXBuildFile; fileRef = ABADB5421C813D9500BA8907 /* SmallBlogTests.swift */; };
		ABADB54E1C813D9500BA8907 /* SmallBlogUITests.swift in Sources */ = {isa = PBXBuildFile; fileRef = ABADB54D1C813D9500BA8907 /* SmallBlogUITests.swift */; };
/* End PBXBuildFile section */

/* Begin PBXContainerItemProxy section */
		ABADB53F1C813D9500BA8907 /* PBXContainerItemProxy */ = {
			isa = PBXContainerItemProxy;
			containerPortal = ABADB5221C813D9500BA8907 /* Project object */;
			proxyType = 1;
			remoteGlobalIDString = ABADB5291C813D9500BA8907;
			remoteInfo = SmallBlog;
		};
		ABADB54A1C813D9500BA8907 /* PBXContainerItemProxy */ = {
			isa = PBXContainerItemProxy;
			containerPortal = ABADB5221C813D9500BA8907 /* Project object */;
			proxyType = 1;
			remoteGlobalIDString = ABADB5291C813D9500BA8907;
			remoteInfo = SmallBlog;
		};
/* End PBXContainerItemProxy section */

/* Begin PBXFileReference section */
		ABADB52A1C813D9500BA8907 /* SmallBlog.app */ = {isa = PBXFileReference; explicitFileType = wrapper.application; includeInIndex = 0; path = SmallBlog.app; sourceTree = BUILT_PRODUCTS_DIR; };
		ABADB52D1C813D9500BA8907 /* AppDelegate.swift */ = {isa = PBXFileReference; lastKnownFileType = sourcecode.swift; path = AppDelegate.swift; sourceTree = "<group>"; };
		ABADB52F1C813D9500BA8907 /* ViewController.swift */ = {isa = PBXFileReference; lastKnownFileType = sourcecode.swift; path = ViewController.swift; sourceTree = "<group>"; };
		ABADB5321C813D9500BA8907 /* Base */ = {isa = PBXFileReference; lastKnownFileType = file.storyboard; name = Base; path = Base.lproj/Main.storyboard; sourceTree = "<group>"; };
		ABADB5341C813D9500BA8907 /* Assets.xcassets */ = {isa = PBXFileReference; lastKnownFileType = folder.assetcatalog; path = Assets.xcassets; sourceTree = "<group>"; };
		ABADB5371C813D9500BA8907 /* Base */ = {isa = PBXFileReference; lastKnownFileType = file.storyboard; name = Base; path = Base.lproj/LaunchScreen.storyboard; sourceTree = "<group>"; };
		ABADB5391C813D9500BA8907 /* Info.plist */ = {isa = PBXFileReference; lastKnownFileType = text.plist.xml; path = Info.plist; sourceTree = "<group>"; };
		ABADB53E1C813D9500BA8907 /* SmallBlogTests.xctest */ = {isa = PBXFileReference; explicitFileType = wrapper.cfbundle; includeInIndex = 0; path = SmallBlogTests.xctest; sourceTree = BUILT_PRODUCTS_DIR; };
		ABADB5421C813D9500BA8907 /* SmallBlogTests.swift */ = {isa = PBXFileReference; lastKnownFileType = sourcecode.swift; path = SmallBlogTests.swift; sourceTree = "<group>"; };
		ABADB5441C813D9500BA8907 /* Info.plist */ = {isa = PBXFileReference; lastKnownFileType = text.plist.xml; path = Info.plist; sourceTree = "<group>"; };
		ABADB5491C813D9500BA8907 /* SmallBlogUITests.xctest */ = {isa = PBXFileReference; explicitFileType = wrapper.cfbundle; includeInIndex = 0; path = SmallBlogUITests.xctest; sourceTree = BUILT_PRODUCTS_DIR; };
		ABADB54D1C813D9500BA8907 /* SmallBlogUITests.swift */ = {isa = PBXFileReference; lastKnownFileType = sourcecode.swift; path = SmallBlogUITests.swift; sourceTree = "<group>"; };
		ABADB54F1C813D9500BA8907 /* Info.plist */ = {isa = PBXFileReference; lastKnownFileType = text.plist.xml; path = Info.plist; sourceTree = "<group>"; };
/* End PBXFileReference section */

/* Begin PBXFrameworksBuildPhase section */
		ABADB5271C813D9500BA8907 /* Frameworks */ = {
			isa = PBXFrameworksBuildPhase;
			buildActionMask = 2147483647;
			files = (
			);
			runOnlyForDeploymentPostprocessing = 0;
		};
		ABADB53B1C813D9500BA8907 /* Frameworks */ = {
			isa = PBXFrameworksBuildPhase;
			buildActionMask = 2147483647;
			files = (
			);
			runOnlyForDeploymentPostprocessing = 0;
		};
		ABADB5461C813D9500BA8907 /* Frameworks */ = {
			isa = PBXFrameworksBuildPhase;
			buildActionMask = 2147483647;
			files = (
			);
			runOnlyForDeploymentPostprocessing = 0;
		};
/* End PBXFrameworksBuildPhase section */

/* Begin PBXGroup section */
		ABADB5211C813D9500BA8907 = {
			isa = PBXGroup;
			children = (
				ABADB52C1C813D9500BA8907 /* SmallBlog */,
				ABADB5411C813D9500BA8907 /* SmallBlogTests */,
				ABADB54C1C813D9500BA8907 /* SmallBlogUITests */,
				ABADB52B1C813D9500BA8907 /* Products */,
			);
			sourceTree = "<group>";
		};
		ABADB52B1C813D9500BA8907 /* Products */ = {
			isa = PBXGroup;
			children = (
				ABADB52A1C813D9500BA8907 /* SmallBlog.app */,
				ABADB53E1C813D9500BA8907 /* SmallBlogTests.xctest */,
				ABADB5491C813D9500BA8907 /* SmallBlogUITests.xctest */,
			);
			name = Products;
			sourceTree = "<group>";
		};
		ABADB52C1C813D9500BA8907 /* SmallBlog */ = {
			isa = PBXGroup;
			children = (
				ABADB52D1C813D9500BA8907 /* AppDelegate.swift */,
				ABADB52F1C813D9500BA8907 /* ViewController.swift */,
				ABADB5311C813D9500BA8907 /* Main.storyboard */,
				ABADB5341C813D9500BA8907 /* Assets.xcassets */,
				ABADB5361C813D9500BA8907 /* LaunchScreen.storyboard */,
				ABADB5391C813D9500BA8907 /* Info.plist */,
			);
			path = SmallBlog;
			sourceTree = "<group>";
		};
		ABADB5411C813D9500BA8907 /* SmallBlogTests */ = {
			isa = PBXGroup;
			children = (
				ABADB5421C813D9500BA8907 /* SmallBlogTests.swift */,
				ABADB5441C813D9500BA8907 /* Info.plist */,
			);
			path = SmallBlogTests;
			sourceTree = "<group>";
		};
		ABADB54C1C813D9500BA8907 /* SmallBlogUITests */ = {
			isa = PBXGroup;
			children = (
				ABADB54D1C813D9500BA8907 /* SmallBlogUITests.swift */,
				ABADB54F1C813D9500BA8907 /* Info.plist */,
			);
			path = SmallBlogUITests;
			sourceTree = "<group>";
		};
/* End PBXGroup section */

/* Begin PBXNativeTarget section */
		ABADB5291C813D9500BA8907 /* SmallBlog */ = {
			isa = PBXNativeTarget;
			buildConfigurationList = ABADB5521C813D9500BA8907 /* Build configuration list for PBXNativeTarget "SmallBlog" */;
			buildPhases = (
				ABADB5261C813D9500BA8907 /* Sources */,
				ABADB5271C813D9500BA8907 /* Frameworks */,
				ABADB5281C813D9500BA8907 /* Resources */,
			);
			buildRules = (
			);
			dependencies = (
			);
			name = SmallBlog;
			productName = SmallBlog;
			productReference = ABADB52A1C813D9500BA8907 /* SmallBlog.app */;
			productType = "com.apple.product-type.application";
		};
		ABADB53D1C813D9500BA8907 /* SmallBlogTests */ = {
			isa = PBXNativeTarget;
			buildConfigurationList = ABADB5551C813D9500BA8907 /* Build configuration list for PBXNativeTarget "SmallBlogTests" */;
			buildPhases = (
				ABADB53A1C813D9500BA8907 /* Sources */,
				ABADB53B1C813D9500BA8907 /* Frameworks */,
				ABADB53C1C813D9500BA8907 /* Resources */,
			);
			buildRules = (
			);
			dependencies = (
				ABADB5401C813D9500BA8907 /* PBXTargetDependency */,
			);
			name = SmallBlogTests;
			productName = SmallBlogTests;
			productReference = ABADB53E1C813D9500BA8907 /* SmallBlogTests.xctest */;
			productType = "com.apple.product-type.bundle.unit-test";
		};
		ABADB5481C813D9500BA8907 /* SmallBlogUITests */ = {
			isa = PBXNativeTarget;
			buildConfigurationList = ABADB5581C813D9500BA8907 /* Build configuration list for PBXNativeTarget "SmallBlogUITests" */;
			buildPhases = (
				ABADB5451C813D9500BA8907 /* Sources */,
				ABADB5461C813D9500BA8907 /* Frameworks */,
				ABADB5471C813D9500BA8907 /* Resources */,
			);
			buildRules = (
			);
			dependencies = (
				ABADB54B1C813D9500BA8907 /* PBXTargetDependency */,
			);
			name = SmallBlogUITests;
			productName = SmallBlogUITests;
			productReference = ABADB5491C813D9500BA8907 /* SmallBlogUITests.xctest */;
			productType = "com.apple.product-type.bundle.ui-testing";
		};
/* End PBXNativeTarget section */

/* Begin PBXProject section */
		ABADB5221C813D9500BA8907 /* Project object */ = {
			isa = PBXProject;
			attributes = {
				LastSwiftUpdateCheck = 0720;
				LastUpgradeCheck = 0720;
				ORGANIZATIONNAME = czljcb;
				TargetAttributes = {
					ABADB5291C813D9500BA8907 = {
						CreatedOnToolsVersion = 7.2;
						DevelopmentTeam = R572233UJT;
					};
					ABADB53D1C813D9500BA8907 = {
						CreatedOnToolsVersion = 7.2;
						DevelopmentTeam = R572233UJT;
						TestTargetID = ABADB5291C813D9500BA8907;
					};
					ABADB5481C813D9500BA8907 = {
						CreatedOnToolsVersion = 7.2;
						DevelopmentTeam = R572233UJT;
						TestTargetID = ABADB5291C813D9500BA8907;
					};
				};
			};
			buildConfigurationList = ABADB5251C813D9500BA8907 /* Build configuration list for PBXProject "SmallBlog" */;
			compatibilityVersion = "Xcode 3.2";
			developmentRegion = English;
			hasScannedForEncodings = 0;
			knownRegions = (
				en,
				Base,
			);
			mainGroup = ABADB5211C813D9500BA8907;
			productRefGroup = ABADB52B1C813D9500BA8907 /* Products */;
			projectDirPath = "";
			projectRoot = "";
			targets = (
				ABADB5291C813D9500BA8907 /* SmallBlog */,
				ABADB53D1C813D9500BA8907 /* SmallBlogTests */,
				ABADB5481C813D9500BA8907 /* SmallBlogUITests */,
			);
		};
/* End PBXProject section */

/* Begin PBXResourcesBuildPhase section */
		ABADB5281C813D9500BA8907 /* Resources */ = {
			isa = PBXResourcesBuildPhase;
			buildActionMask = 2147483647;
			files = (
				ABADB5381C813D9500BA8907 /* LaunchScreen.storyboard in Resources */,
				ABADB5351C813D9500BA8907 /* Assets.xcassets in Resources */,
				ABADB5331C813D9500BA8907 /* Main.storyboard in Resources */,
			);
			runOnlyForDeploymentPostprocessing = 0;
		};
		ABADB53C1C813D9500BA8907 /* Resources */ = {
			isa = PBXResourcesBuildPhase;
			buildActionMask = 2147483647;
			files = (
			);
			runOnlyForDeploymentPostprocessing = 0;
		};
		ABADB5471C813D9500BA8907 /* Resources */ = {
			isa = PBXResourcesBuildPhase;
			buildActionMask = 2147483647;
			files = (
			);
			runOnlyForDeploymentPostprocessing = 0;
		};
/* End PBXResourcesBuildPhase section */

/* Begin PBXSourcesBuildPhase section */
		ABADB5261C813D9500BA8907 /* Sources */ = {
			isa = PBXSourcesBuildPhase;
			buildActionMask = 2147483647;
			files = (
				ABADB5301C813D9500BA8907 /* ViewController.swift in Sources */,
				ABADB52E1C813D9500BA8907 /* AppDelegate.swift in Sources */,
			);
			runOnlyForDeploymentPostprocessing = 0;
		};
		ABADB53A1C813D9500BA8907 /* Sources */ = {
			isa = PBXSourcesBuildPhase;
			buildActionMask = 2147483647;
			files = (
				ABADB5431C813D9500BA8907 /* SmallBlogTests.swift in Sources */,
			);
			runOnlyForDeploymentPostprocessing = 0;
		};
		ABADB5451C813D9500BA8907 /* Sources */ = {
			isa = PBXSourcesBuildPhase;
			buildActionMask = 2147483647;
			files = (
				ABADB54E1C813D9500BA8907 /* SmallBlogUITests.swift in Sources */,
			);
			runOnlyForDeploymentPostprocessing = 0;
		};
/* End PBXSourcesBuildPhase section */

/* Begin PBXTargetDependency section */
		ABADB5401C813D9500BA8907 /* PBXTargetDependency */ = {
			isa = PBXTargetDependency;
			target = ABADB5291C813D9500BA8907 /* SmallBlog */;
			targetProxy = ABADB53F1C813D9500BA8907 /* PBXContainerItemProxy */;
		};
		ABADB54B1C813D9500BA8907 /* PBXTargetDependency */ = {
			isa = PBXTargetDependency;
			target = ABADB5291C813D9500BA8907 /* SmallBlog */;
			targetProxy = ABADB54A1C813D9500BA8907 /* PBXContainerItemProxy */;
		};
/* End PBXTargetDependency section */

/* Begin PBXVariantGroup section */
		ABADB5311C813D9500BA8907 /* Main.storyboard */ = {
			isa = PBXVariantGroup;
			children = (
				ABADB5321C813D9500BA8907 /* Base */,
			);
			name = Main.storyboard;
			sourceTree = "<group>";
		};
		ABADB5361C813D9500BA8907 /* LaunchScreen.storyboard */ = {
			isa = PBXVariantGroup;
			children = (
				ABADB5371C813D9500BA8907 /* Base */,
			);
			name = LaunchScreen.storyboard;
			sourceTree = "<group>";
		};
/* End PBXVariantGroup section */

/* Begin XCBuildConfiguration section */
		ABADB5501C813D9500BA8907 /* Debug */ = {
			isa = XCBuildConfiguration;
			buildSettings = {
				ALWAYS_SEARCH_USER_PATHS = NO;
				CLANG_CXX_LANGUAGE_STANDARD = "gnu++0x";
				CLANG_CXX_LIBRARY = "libc++";
				CLANG_ENABLE_MODULES = YES;
				CLANG_ENABLE_OBJC_ARC = YES;
				CLANG_WARN_BOOL_CONVERSION = YES;
				CLANG_WARN_CONSTANT_CONVERSION = YES;
				CLANG_WARN_DIRECT_OBJC_ISA_USAGE = YES_ERROR;
				CLANG_WARN_EMPTY_BODY = YES;
				CLANG_WARN_ENUM_CONVERSION = YES;
				CLANG_WARN_INT_CONVERSION = YES;
				CLANG_WARN_OBJC_ROOT_CLASS = YES_ERROR;
				CLANG_WARN_UNREACHABLE_CODE = YES;
				CLANG_WARN__DUPLICATE_METHOD_MATCH = YES;
				"CODE_SIGN_IDENTITY[sdk=iphoneos*]" = "iPhone Developer";
				COPY_PHASE_STRIP = NO;
				DEBUG_INFORMATION_FORMAT = dwarf;
				ENABLE_STRICT_OBJC_MSGSEND = YES;
				ENABLE_TESTABILITY = YES;
				GCC_C_LANGUAGE_STANDARD = gnu99;
				GCC_DYNAMIC_NO_PIC = NO;
				GCC_NO_COMMON_BLOCKS = YES;
				GCC_OPTIMIZATION_LEVEL = 0;
				GCC_PREPROCESSOR_DEFINITIONS = (
					"DEBUG=1",
					"$(inherited)",
				);
				GCC_WARN_64_TO_32_BIT_CONVERSION = YES;
				GCC_WARN_ABOUT_RETURN_TYPE = YES_ERROR;
				GCC_WARN_UNDECLARED_SELECTOR = YES;
				GCC_WARN_UNINITIALIZED_AUTOS = YES_AGGRESSIVE;
				GCC_WARN_UNUSED_FUNCTION = YES;
				GCC_WARN_UNUSED_VARIABLE = YES;
				IPHONEOS_DEPLOYMENT_TARGET = 9.2;
				MTL_ENABLE_DEBUG_INFO = YES;
				ONLY_ACTIVE_ARCH = YES;
				SDKROOT = iphoneos;
				SWIFT_OPTIMIZATION_LEVEL = "-Onone";
			};
			name = Debug;
		};
		ABADB5511C813D9500BA8907 /* Release */ = {
			isa = XCBuildConfiguration;
			buildSettings = {
				ALWAYS_SEARCH_USER_PATHS = NO;
				CLANG_CXX_LANGUAGE_STANDARD = "gnu++0x";
				CLANG_CXX_LIBRARY = "libc++";
				CLANG_ENABLE_MODULES = YES;
				CLANG_ENABLE_OBJC_ARC = YES;
				CLANG_WARN_BOOL_CONVERSION = YES;
				CLANG_WARN_CONSTANT_CONVERSION = YES;
				CLANG_WARN_DIRECT_OBJC_ISA_USAGE = YES_ERROR;
				CLANG_WARN_EMPTY_BODY = YES;
				CLANG_WARN_ENUM_CONVERSION = YES;
				CLANG_WARN_INT_CONVERSION = YES;
				CLANG_WARN_OBJC_ROOT_CLASS = YES_ERROR;
				CLANG_WARN_UNREACHABLE_CODE = YES;
				CLANG_WARN__DUPLICATE_METHOD_MATCH = YES;
				"CODE_SIGN_IDENTITY[sdk=iphoneos*]" = "iPhone Developer";
				COPY_PHASE_STRIP = NO;
				DEBUG_INFORMATION_FORMAT = "dwarf-with-dsym";
				ENABLE_NS_ASSERTIONS = NO;
				ENABLE_STRICT_OBJC_MSGSEND = YES;
				GCC_C_LANGUAGE_STANDARD = gnu99;
				GCC_NO_COMMON_BLOCKS = YES;
				GCC_WARN_64_TO_32_BIT_CONVERSION = YES;
				GCC_WARN_ABOUT_RETURN_TYPE = YES_ERROR;
				GCC_WARN_UNDECLARED_SELECTOR = YES;
				GCC_WARN_UNINITIALIZED_AUTOS = YES_AGGRESSIVE;
				GCC_WARN_UNUSED_FUNCTION = YES;
				GCC_WARN_UNUSED_VARIABLE = YES;
				IPHONEOS_DEPLOYMENT_TARGET = 9.2;
				MTL_ENABLE_DEBUG_INFO = NO;
				SDKROOT = iphoneos;
				VALIDATE_PRODUCT = YES;
			};
			name = Release;
		};
		ABADB5531C813D9500BA8907 /* Debug */ = {
			isa = XCBuildConfiguration;
			buildSettings = {
				ASSETCATALOG_COMPILER_APPICON_NAME = AppIcon;
				INFOPLIST_FILE = SmallBlog/Info.plist;
				IPHONEOS_DEPLOYMENT_TARGET = 9.0;
				LD_RUNPATH_SEARCH_PATHS = "$(inherited) @executable_path/Frameworks";
				PRODUCT_BUNDLE_IDENTIFIER = CZ.SmallBlog;
				PRODUCT_NAME = "$(TARGET_NAME)";
			};
			name = Debug;
		};
		ABADB5541C813D9500BA8907 /* Release */ = {
			isa = XCBuildConfiguration;
			buildSettings = {
				ASSETCATALOG_COMPILER_APPICON_NAME = AppIcon;
				INFOPLIST_FILE = SmallBlog/Info.plist;
				IPHONEOS_DEPLOYMENT_TARGET = 9.0;
				LD_RUNPATH_SEARCH_PATHS = "$(inherited) @executable_path/Frameworks";
				PRODUCT_BUNDLE_IDENTIFIER = CZ.SmallBlog;
				PRODUCT_NAME = "$(TARGET_NAME)";
			};
			name = Release;
		};
		ABADB5561C813D9500BA8907 /* Debug */ = {
			isa = XCBuildConfiguration;
			buildSettings = {
				BUNDLE_LOADER = "$(TEST_HOST)";
				INFOPLIST_FILE = SmallBlogTests/Info.plist;
				LD_RUNPATH_SEARCH_PATHS = "$(inherited) @executable_path/Frameworks @loader_path/Frameworks";
				PRODUCT_BUNDLE_IDENTIFIER = CZ.SmallBlogTests;
				PRODUCT_NAME = "$(TARGET_NAME)";
				TEST_HOST = "$(BUILT_PRODUCTS_DIR)/SmallBlog.app/SmallBlog";
			};
			name = Debug;
		};
		ABADB5571C813D9500BA8907 /* Release */ = {
			isa = XCBuildConfiguration;
			buildSettings = {
				BUNDLE_LOADER = "$(TEST_HOST)";
				INFOPLIST_FILE = SmallBlogTests/Info.plist;
				LD_RUNPATH_SEARCH_PATHS = "$(inherited) @executable_path/Frameworks @loader_path/Frameworks";
				PRODUCT_BUNDLE_IDENTIFIER = CZ.SmallBlogTests;
				PRODUCT_NAME = "$(TARGET_NAME)";
				TEST_HOST = "$(BUILT_PRODUCTS_DIR)/SmallBlog.app/SmallBlog";
			};
			name = Release;
		};
		ABADB5591C813D9500BA8907 /* Debug */ = {
			isa = XCBuildConfiguration;
			buildSettings = {
				INFOPLIST_FILE = SmallBlogUITests/Info.plist;
				LD_RUNPATH_SEARCH_PATHS = "$(inherited) @executable_path/Frameworks @loader_path/Frameworks";
				PRODUCT_BUNDLE_IDENTIFIER = CZ.SmallBlogUITests;
				PRODUCT_NAME = "$(TARGET_NAME)";
				TEST_TARGET_NAME = SmallBlog;
				USES_XCTRUNNER = YES;
			};
			name = Debug;
		};
		ABADB55A1C813D9500BA8907 /* Release */ = {
			isa = XCBuildConfiguration;
			buildSettings = {
				INFOPLIST_FILE = SmallBlogUITests/Info.plist;
				LD_RUNPATH_SEARCH_PATHS = "$(inherited) @executable_path/Frameworks @loader_path/Frameworks";
				PRODUCT_BUNDLE_IDENTIFIER = CZ.SmallBlogUITests;
				PRODUCT_NAME = "$(TARGET_NAME)";
				TEST_TARGET_NAME = SmallBlog;
				USES_XCTRUNNER = YES;
			};
			name = Release;
		};
/* End XCBuildConfiguration section */

/* Begin XCConfigurationList section */
		ABADB5251C813D9500BA8907 /* Build configuration list for PBXProject "SmallBlog" */ = {
			isa = XCConfigurationList;
			buildConfigurations = (
				ABADB5501C813D9500BA8907 /* Debug */,
				ABADB5511C813D9500BA8907 /* Release */,
			);
			defaultConfigurationIsVisible = 0;
			defaultConfigurationName = Release;
		};
		ABADB5521C813D9500BA8907 /* Build configuration list for PBXNativeTarget "SmallBlog" */ = {
			isa = XCConfigurationList;
			buildConfigurations = (
				ABADB5531C813D9500BA8907 /* Debug */,
				ABADB5541C813D9500BA8907 /* Release */,
			);
			defaultConfigurationIsVisible = 0;
			defaultConfigurationName = Release;
		};
		ABADB5551C813D9500BA8907 /* Build configuration list for PBXNativeTarget "SmallBlogTests" */ = {
			isa = XCConfigurationList;
			buildConfigurations = (
				ABADB5561C813D9500BA8907 /* Debug */,
				ABADB5571C813D9500BA8907 /* Release */,
			);
			defaultConfigurationIsVisible = 0;
			defaultConfigurationName = Release;
		};
		ABADB5581C813D9500BA8907 /* Build configuration list for PBXNativeTarget "SmallBlogUITests" */ = {
			isa = XCConfigurationList;
			buildConfigurations = (
				ABADB5591C813D9500BA8907 /* Debug */,
				ABADB55A1C813D9500BA8907 /* Release */,
			);
			defaultConfigurationIsVisible = 0;
			defaultConfigurationName = Release;
		};
/* End XCConfigurationList section */
	};
	rootObject = ABADB5221C813D9500BA8907 /* Project object */;
}
